
Microsoft Visual Studio Solution File, Format Version 11.00
# Visual Studio 2010
Project("{F14B399A-7131-4C87-9E4B-1186C45EF12D}") = "ProyectoFinalReportingTelco", "ProyectoFinalReportingTelco\ProyectoFinalReportingTelco.rptproj", "{EF671EEA-F506-4764-8988-129F251908D7}"
EndProject
Global
	GlobalSection(SolutionConfigurationPlatforms) = preSolution
		Debug|Default = Debug|Default
		DebugLocal|Default = DebugLocal|Default
		Release|Default = Release|Default
	EndGlobalSection
	GlobalSection(ProjectConfigurationPlatforms) = postSolution
		{EF671EEA-F506-4764-8988-129F251908D7}.Debug|Default.ActiveCfg = Debug
		{EF671EEA-F506-4764-8988-129F251908D7}.Debug|Default.Build.0 = DebugLocal
		{EF671EEA-F506-4764-8988-129F251908D7}.Debug|Default.Deploy.0 = DebugLocal
		{EF671EEA-F506-4764-8988-129F251908D7}.DebugLocal|Default.ActiveCfg = DebugLocal
		{EF671EEA-F506-4764-8988-129F251908D7}.DebugLocal|Default.Build.0 = DebugLocal
		{EF671EEA-F506-4764-8988-129F251908D7}.Release|Default.ActiveCfg = Release
		{EF671EEA-F506-4764-8988-129F251908D7}.Release|Default.Build.0 = Release
		{EF671EEA-F506-4764-8988-129F251908D7}.Release|Default.Deploy.0 = Release
	EndGlobalSection
	GlobalSection(SolutionProperties) = preSolution
		HideSolutionNode = FALSE
	EndGlobalSection
EndGlobal
